// !$*UTF8*$!
{
	archiveVersion = 1;
	classes = {
	};
	objectVersion = 56;
	objects = {

/* Begin PBXBuildFile section */
		D868C03E29CD44DA0050D6B7 /* EOJCNFormatter.framework in Frameworks */ = {isa = PBXBuildFile; fileRef = D868C03529CD44D90050D6B7 /* EOJCNFormatter.framework */; };
		D868C04429CD44DA0050D6B7 /* EOJCNFormatter.h in Headers */ = {isa = PBXBuildFile; fileRef = D868C03829CD44D90050D6B7 /* EOJCNFormatter.h */; settings = {ATTRIBUTES = (Public, ); }; };
		D868C04F29CD452C0050D6B7 /* EOJNumberCNFormatter_FinCNFormatStringTests.m in Sources */ = {isa = PBXBuildFile; fileRef = D868C04D29CD452C0050D6B7 /* EOJNumberCNFormatter_FinCNFormatStringTests.m */; };
		D868C05029CD452C0050D6B7 /* EOJNumberCNFormatter_cnNumFormatStringTests.m in Sources */ = {isa = PBXBuildFile; fileRef = D868C04E29CD452C0050D6B7 /* EOJNumberCNFormatter_cnNumFormatStringTests.m */; };
		D868C05329CD45360050D6B7 /* EOJNumberCNFormatter.m in Sources */ = {isa = PBXBuildFile; fileRef = D868C05129CD45350050D6B7 /* EOJNumberCNFormatter.m */; };
		D868C05429CD45360050D6B7 /* EOJNumberCNFormatter.m in Sources */ = {isa = PBXBuildFile; fileRef = D868C05129CD45350050D6B7 /* EOJNumberCNFormatter.m */; };
		D868C05529CD45360050D6B7 /* EOJNumberCNFormatter.h in Headers */ = {isa = PBXBuildFile; fileRef = D868C05229CD45350050D6B7 /* EOJNumberCNFormatter.h */; settings = {ATTRIBUTES = (Public, ); }; };
		D868C05E29CD45CF0050D6B7 /* AppDelegate.m in Sources */ = {isa = PBXBuildFile; fileRef = D868C05D29CD45CF0050D6B7 /* AppDelegate.m */; };
		D868C06129CD45CF0050D6B7 /* SceneDelegate.m in Sources */ = {isa = PBXBuildFile; fileRef = D868C06029CD45CF0050D6B7 /* SceneDelegate.m */; };
		D868C06429CD45CF0050D6B7 /* ViewController.m in Sources */ = {isa = PBXBuildFile; fileRef = D868C06329CD45CF0050D6B7 /* ViewController.m */; };
		D868C06729CD45CF0050D6B7 /* Main.storyboard in Resources */ = {isa = PBXBuildFile; fileRef = D868C06529CD45CF0050D6B7 /* Main.storyboard */; };
		D868C06929CD45D20050D6B7 /* Assets.xcassets in Resources */ = {isa = PBXBuildFile; fileRef = D868C06829CD45D10050D6B7 /* Assets.xcassets */; };
		D868C06C29CD45D20050D6B7 /* LaunchScreen.storyboard in Resources */ = {isa = PBXBuildFile; fileRef = D868C06A29CD45D20050D6B7 /* LaunchScreen.storyboard */; };
		D868C06F29CD45D20050D6B7 /* main.m in Sources */ = {isa = PBXBuildFile; fileRef = D868C06E29CD45D20050D6B7 /* main.m */; };
		D868C07929CD45D20050D6B7 /* EOJCNFormatterDemoTests.m in Sources */ = {isa = PBXBuildFile; fileRef = D868C07829CD45D20050D6B7 /* EOJCNFormatterDemoTests.m */; };
		D868C08329CD45D20050D6B7 /* EOJCNFormatterDemoUITests.m in Sources */ = {isa = PBXBuildFile; fileRef = D868C08229CD45D20050D6B7 /* EOJCNFormatterDemoUITests.m */; };
		D868C08529CD45D20050D6B7 /* EOJCNFormatterDemoUITestsLaunchTests.m in Sources */ = {isa = PBXBuildFile; fileRef = D868C08429CD45D20050D6B7 /* EOJCNFormatterDemoUITestsLaunchTests.m */; };
		D868C09029CD46650050D6B7 /* EOJCNFormatter.framework in Frameworks */ = {isa = PBXBuildFile; fileRef = D868C03529CD44D90050D6B7 /* EOJCNFormatter.framework */; };
/* End PBXBuildFile section */

/* Begin PBXContainerItemProxy section */
		D868C03F29CD44DA0050D6B7 /* PBXContainerItemProxy */ = {
			isa = PBXContainerItemProxy;
			containerPortal = D868C02C29CD44D90050D6B7 /* Project object */;
			proxyType = 1;
			remoteGlobalIDString = D868C03429CD44D90050D6B7;
			remoteInfo = EOJCNFormatter;
		};
		D868C07529CD45D20050D6B7 /* PBXContainerItemProxy */ = {
			isa = PBXContainerItemProxy;
			containerPortal = D868C02C29CD44D90050D6B7 /* Project object */;
			proxyType = 1;
			remoteGlobalIDString = D868C05929CD45CF0050D6B7;
			remoteInfo = EOJCNFormatterDemo;
		};
		D868C07F29CD45D20050D6B7 /* PBXContainerItemProxy */ = {
			isa = PBXContainerItemProxy;
			containerPortal = D868C02C29CD44D90050D6B7 /* Project object */;
			proxyType = 1;
			remoteGlobalIDString = D868C05929CD45CF0050D6B7;
			remoteInfo = EOJCNFormatterDemo;
		};
		D868C09229CD46650050D6B7 /* PBXContainerItemProxy */ = {
			isa = PBXContainerItemProxy;
			containerPortal = D868C02C29CD44D90050D6B7 /* Project object */;
			proxyType = 1;
			remoteGlobalIDString = D868C03429CD44D90050D6B7;
			remoteInfo = EOJCNFormatter;
		};
/* End PBXContainerItemProxy section */

/* Begin PBXFileReference section */
		D868C03529CD44D90050D6B7 /* EOJCNFormatter.framework */ = {isa = PBXFileReference; explicitFileType = wrapper.framework; includeInIndex = 0; path = EOJCNFormatter.framework; sourceTree = BUILT_PRODUCTS_DIR; };
		D868C03829CD44D90050D6B7 /* EOJCNFormatter.h */ = {isa = PBXFileReference; lastKnownFileType = sourcecode.c.h; path = EOJCNFormatter.h; sourceTree = "<group>"; };
		D868C03D29CD44DA0050D6B7 /* EOJCNFormatterTests.xctest */ = {isa = PBXFileReference; explicitFileType = wrapper.cfbundle; includeInIndex = 0; path = EOJCNFormatterTests.xctest; sourceTree = BUILT_PRODUCTS_DIR; };
		D868C04D29CD452C0050D6B7 /* EOJNumberCNFormatter_FinCNFormatStringTests.m */ = {isa = PBXFileReference; fileEncoding = 4; lastKnownFileType = sourcecode.c.objc; path = EOJNumberCNFormatter_FinCNFormatStringTests.m; sourceTree = "<group>"; };
		D868C04E29CD452C0050D6B7 /* EOJNumberCNFormatter_cnNumFormatStringTests.m */ = {isa = PBXFileReference; fileEncoding = 4; lastKnownFileType = sourcecode.c.objc; path = EOJNumberCNFormatter_cnNumFormatStringTests.m; sourceTree = "<group>"; };
		D868C05129CD45350050D6B7 /* EOJNumberCNFormatter.m */ = {isa = PBXFileReference; fileEncoding = 4; lastKnownFileType = sourcecode.c.objc; path = EOJNumberCNFormatter.m; sourceTree = "<group>"; };
		D868C05229CD45350050D6B7 /* EOJNumberCNFormatter.h */ = {isa = PBXFileReference; fileEncoding = 4; lastKnownFileType = sourcecode.c.h; path = EOJNumberCNFormatter.h; sourceTree = "<group>"; };
		D868C05A29CD45CF0050D6B7 /* EOJCNFormatterDemo.app */ = {isa = PBXFileReference; explicitFileType = wrapper.application; includeInIndex = 0; path = EOJCNFormatterDemo.app; sourceTree = BUILT_PRODUCTS_DIR; };
		D868C05C29CD45CF0050D6B7 /* AppDelegate.h */ = {isa = PBXFileReference; lastKnownFileType = sourcecode.c.h; path = AppDelegate.h; sourceTree = "<group>"; };
		D868C05D29CD45CF0050D6B7 /* AppDelegate.m */ = {isa = PBXFileReference; lastKnownFileType = sourcecode.c.objc; path = AppDelegate.m; sourceTree = "<group>"; };
		D868C05F29CD45CF0050D6B7 /* SceneDelegate.h */ = {isa = PBXFileReference; lastKnownFileType = sourcecode.c.h; path = SceneDelegate.h; sourceTree = "<group>"; };
		D868C06029CD45CF0050D6B7 /* SceneDelegate.m */ = {isa = PBXFileReference; lastKnownFileType = sourcecode.c.objc; path = SceneDelegate.m; sourceTree = "<group>"; };
		D868C06229CD45CF0050D6B7 /* ViewController.h */ = {isa = PBXFileReference; lastKnownFileType = sourcecode.c.h; path = ViewController.h; sourceTree = "<group>"; };
		D868C06329CD45CF0050D6B7 /* ViewController.m */ = {isa = PBXFileReference; lastKnownFileType = sourcecode.c.objc; path = ViewController.m; sourceTree = "<group>"; };
		D868C06629CD45CF0050D6B7 /* Base */ = {isa = PBXFileReference; lastKnownFileType = file.storyboard; name = Base; path = Base.lproj/Main.storyboard; sourceTree = "<group>"; };
		D868C06829CD45D10050D6B7 /* Assets.xcassets */ = {isa = PBXFileReference; lastKnownFileType = folder.assetcatalog; path = Assets.xcassets; sourceTree = "<group>"; };
		D868C06B29CD45D20050D6B7 /* Base */ = {isa = PBXFileReference; lastKnownFileType = file.storyboard; name = Base; path = Base.lproj/LaunchScreen.storyboard; sourceTree = "<group>"; };
		D868C06D29CD45D20050D6B7 /* Info.plist */ = {isa = PBXFileReference; lastKnownFileType = text.plist.xml; path = Info.plist; sourceTree = "<group>"; };
		D868C06E29CD45D20050D6B7 /* main.m */ = {isa = PBXFileReference; lastKnownFileType = sourcecode.c.objc; path = main.m; sourceTree = "<group>"; };
		D868C07429CD45D20050D6B7 /* EOJCNFormatterDemoTests.xctest */ = {isa = PBXFileReference; explicitFileType = wrapper.cfbundle; includeInIndex = 0; path = EOJCNFormatterDemoTests.xctest; sourceTree = BUILT_PRODUCTS_DIR; };
		D868C07829CD45D20050D6B7 /* EOJCNFormatterDemoTests.m */ = {isa = PBXFileReference; lastKnownFileType = sourcecode.c.objc; path = EOJCNFormatterDemoTests.m; sourceTree = "<group>"; };
		D868C07E29CD45D20050D6B7 /* EOJCNFormatterDemoUITests.xctest */ = {isa = PBXFileReference; explicitFileType = wrapper.cfbundle; includeInIndex = 0; path = EOJCNFormatterDemoUITests.xctest; sourceTree = BUILT_PRODUCTS_DIR; };
		D868C08229CD45D20050D6B7 /* EOJCNFormatterDemoUITests.m */ = {isa = PBXFileReference; lastKnownFileType = sourcecode.c.objc; path = EOJCNFormatterDemoUITests.m; sourceTree = "<group>"; };
		D868C08429CD45D20050D6B7 /* EOJCNFormatterDemoUITestsLaunchTests.m */ = {isa = PBXFileReference; lastKnownFileType = sourcecode.c.objc; path = EOJCNFormatterDemoUITestsLaunchTests.m; sourceTree = "<group>"; };
/* End PBXFileReference section */

/* Begin PBXFrameworksBuildPhase section */
		D868C03229CD44D90050D6B7 /* Frameworks */ = {
			isa = PBXFrameworksBuildPhase;
			buildActionMask = 2147483647;
			files = (
			);
			runOnlyForDeploymentPostprocessing = 0;
		};
		D868C03A29CD44DA0050D6B7 /* Frameworks */ = {
			isa = PBXFrameworksBuildPhase;
			buildActionMask = 2147483647;
			files = (
				D868C03E29CD44DA0050D6B7 /* EOJCNFormatter.framework in Frameworks */,
			);
			runOnlyForDeploymentPostprocessing = 0;
		};
		D868C05729CD45CF0050D6B7 /* Frameworks */ = {
			isa = PBXFrameworksBuildPhase;
			buildActionMask = 2147483647;
			files = (
				D868C09029CD46650050D6B7 /* EOJCNFormatter.framework in Frameworks */,
			);
			runOnlyForDeploymentPostprocessing = 0;
		};
		D868C07129CD45D20050D6B7 /* Frameworks */ = {
			isa = PBXFrameworksBuildPhase;
			buildActionMask = 2147483647;
			files = (
			);
			runOnlyForDeploymentPostprocessing = 0;
		};
		D868C07B29CD45D20050D6B7 /* Frameworks */ = {
			isa = PBXFrameworksBuildPhase;
			buildActionMask = 2147483647;
			files = (
			);
			runOnlyForDeploymentPostprocessing = 0;
		};
/* End PBXFrameworksBuildPhase section */

/* Begin PBXGroup section */
		D868C02B29CD44D90050D6B7 = {
			isa = PBXGroup;
			children = (
				D868C03729CD44D90050D6B7 /* EOJCNFormatter */,
				D868C04129CD44DA0050D6B7 /* EOJCNFormatterTests */,
				D868C05B29CD45CF0050D6B7 /* EOJCNFormatterDemo */,
				D868C07729CD45D20050D6B7 /* EOJCNFormatterDemoTests */,
				D868C08129CD45D20050D6B7 /* EOJCNFormatterDemoUITests */,
				D868C03629CD44D90050D6B7 /* Products */,
				D868C08F29CD46650050D6B7 /* Frameworks */,
			);
			sourceTree = "<group>";
		};
		D868C03629CD44D90050D6B7 /* Products */ = {
			isa = PBXGroup;
			children = (
				D868C03529CD44D90050D6B7 /* EOJCNFormatter.framework */,
				D868C03D29CD44DA0050D6B7 /* EOJCNFormatterTests.xctest */,
				D868C05A29CD45CF0050D6B7 /* EOJCNFormatterDemo.app */,
				D868C07429CD45D20050D6B7 /* EOJCNFormatterDemoTests.xctest */,
				D868C07E29CD45D20050D6B7 /* EOJCNFormatterDemoUITests.xctest */,
			);
			name = Products;
			sourceTree = "<group>";
		};
		D868C03729CD44D90050D6B7 /* EOJCNFormatter */ = {
			isa = PBXGroup;
			children = (
				D868C03829CD44D90050D6B7 /* EOJCNFormatter.h */,
				D868C05229CD45350050D6B7 /* EOJNumberCNFormatter.h */,
				D868C05129CD45350050D6B7 /* EOJNumberCNFormatter.m */,
			);
			path = EOJCNFormatter;
			sourceTree = "<group>";
		};
		D868C04129CD44DA0050D6B7 /* EOJCNFormatterTests */ = {
			isa = PBXGroup;
			children = (
				D868C04E29CD452C0050D6B7 /* EOJNumberCNFormatter_cnNumFormatStringTests.m */,
				D868C04D29CD452C0050D6B7 /* EOJNumberCNFormatter_FinCNFormatStringTests.m */,
			);
			path = EOJCNFormatterTests;
			sourceTree = "<group>";
		};
		D868C05B29CD45CF0050D6B7 /* EOJCNFormatterDemo */ = {
			isa = PBXGroup;
			children = (
				D868C05C29CD45CF0050D6B7 /* AppDelegate.h */,
				D868C05D29CD45CF0050D6B7 /* AppDelegate.m */,
				D868C05F29CD45CF0050D6B7 /* SceneDelegate.h */,
				D868C06029CD45CF0050D6B7 /* SceneDelegate.m */,
				D868C06229CD45CF0050D6B7 /* ViewController.h */,
				D868C06329CD45CF0050D6B7 /* ViewController.m */,
				D868C06529CD45CF0050D6B7 /* Main.storyboard */,
				D868C06829CD45D10050D6B7 /* Assets.xcassets */,
				D868C06A29CD45D20050D6B7 /* LaunchScreen.storyboard */,
				D868C06D29CD45D20050D6B7 /* Info.plist */,
				D868C06E29CD45D20050D6B7 /* main.m */,
			);
			path = EOJCNFormatterDemo;
			sourceTree = "<group>";
		};
		D868C07729CD45D20050D6B7 /* EOJCNFormatterDemoTests */ = {
			isa = PBXGroup;
			children = (
				D868C07829CD45D20050D6B7 /* EOJCNFormatterDemoTests.m */,
			);
			path = EOJCNFormatterDemoTests;
			sourceTree = "<group>";
		};
		D868C08129CD45D20050D6B7 /* EOJCNFormatterDemoUITests */ = {
			isa = PBXGroup;
			children = (
				D868C08229CD45D20050D6B7 /* EOJCNFormatterDemoUITests.m */,
				D868C08429CD45D20050D6B7 /* EOJCNFormatterDemoUITestsLaunchTests.m */,
			);
			path = EOJCNFormatterDemoUITests;
			sourceTree = "<group>";
		};
		D868C08F29CD46650050D6B7 /* Frameworks */ = {
			isa = PBXGroup;
			children = (
			);
			name = Frameworks;
			sourceTree = "<group>";
		};
/* End PBXGroup section */

/* Begin PBXHeadersBuildPhase section */
		D868C03029CD44D90050D6B7 /* Headers */ = {
			isa = PBXHeadersBuildPhase;
			buildActionMask = 2147483647;
			files = (
				D868C05529CD45360050D6B7 /* EOJNumberCNFormatter.h in Headers */,
				D868C04429CD44DA0050D6B7 /* EOJCNFormatter.h in Headers */,
			);
			runOnlyForDeploymentPostprocessing = 0;
		};
/* End PBXHeadersBuildPhase section */

/* Begin PBXNativeTarget section */
		D868C03429CD44D90050D6B7 /* EOJCNFormatter */ = {
			isa = PBXNativeTarget;
			buildConfigurationList = D868C04729CD44DA0050D6B7 /* Build configuration list for PBXNativeTarget "EOJCNFormatter" */;
			buildPhases = (
				D868C03029CD44D90050D6B7 /* Headers */,
				D868C03129CD44D90050D6B7 /* Sources */,
				D868C03229CD44D90050D6B7 /* Frameworks */,
				D868C03329CD44D90050D6B7 /* Resources */,
			);
			buildRules = (
			);
			dependencies = (
			);
			name = EOJCNFormatter;
			productName = EOJCNFormatter;
			productReference = D868C03529CD44D90050D6B7 /* EOJCNFormatter.framework */;
			productType = "com.apple.product-type.framework";
		};
		D868C03C29CD44DA0050D6B7 /* EOJCNFormatterTests */ = {
			isa = PBXNativeTarget;
			buildConfigurationList = D868C04A29CD44DA0050D6B7 /* Build configuration list for PBXNativeTarget "EOJCNFormatterTests" */;
			buildPhases = (
				D868C03929CD44DA0050D6B7 /* Sources */,
				D868C03A29CD44DA0050D6B7 /* Frameworks */,
				D868C03B29CD44DA0050D6B7 /* Resources */,
			);
			buildRules = (
			);
			dependencies = (
				D868C04029CD44DA0050D6B7 /* PBXTargetDependency */,
			);
			name = EOJCNFormatterTests;
			productName = EOJCNFormatterTests;
			productReference = D868C03D29CD44DA0050D6B7 /* EOJCNFormatterTests.xctest */;
			productType = "com.apple.product-type.bundle.unit-test";
		};
		D868C05929CD45CF0050D6B7 /* EOJCNFormatterDemo */ = {
			isa = PBXNativeTarget;
			buildConfigurationList = D868C08629CD45D20050D6B7 /* Build configuration list for PBXNativeTarget "EOJCNFormatterDemo" */;
			buildPhases = (
				D868C05629CD45CF0050D6B7 /* Sources */,
				D868C05729CD45CF0050D6B7 /* Frameworks */,
				D868C05829CD45CF0050D6B7 /* Resources */,
			);
			buildRules = (
			);
			dependencies = (
				D868C09329CD46650050D6B7 /* PBXTargetDependency */,
			);
			name = EOJCNFormatterDemo;
			productName = EOJCNFormatterDemo;
			productReference = D868C05A29CD45CF0050D6B7 /* EOJCNFormatterDemo.app */;
			productType = "com.apple.product-type.application";
		};
		D868C07329CD45D20050D6B7 /* EOJCNFormatterDemoTests */ = {
			isa = PBXNativeTarget;
			buildConfigurationList = D868C08929CD45D20050D6B7 /* Build configuration list for PBXNativeTarget "EOJCNFormatterDemoTests" */;
			buildPhases = (
				D868C07029CD45D20050D6B7 /* Sources */,
				D868C07129CD45D20050D6B7 /* Frameworks */,
				D868C07229CD45D20050D6B7 /* Resources */,
			);
			buildRules = (
			);
			dependencies = (
				D868C07629CD45D20050D6B7 /* PBXTargetDependency */,
			);
			name = EOJCNFormatterDemoTests;
			productName = EOJCNFormatterDemoTests;
			productReference = D868C07429CD45D20050D6B7 /* EOJCNFormatterDemoTests.xctest */;
			productType = "com.apple.product-type.bundle.unit-test";
		};
		D868C07D29CD45D20050D6B7 /* EOJCNFormatterDemoUITests */ = {
			isa = PBXNativeTarget;
			buildConfigurationList = D868C08C29CD45D20050D6B7 /* Build configuration list for PBXNativeTarget "EOJCNFormatterDemoUITests" */;
			buildPhases = (
				D868C07A29CD45D20050D6B7 /* Sources */,
				D868C07B29CD45D20050D6B7 /* Frameworks */,
				D868C07C29CD45D20050D6B7 /* Resources */,
			);
			buildRules = (
			);
			dependencies = (
				D868C08029CD45D20050D6B7 /* PBXTargetDependency */,
			);
			name = EOJCNFormatterDemoUITests;
			productName = EOJCNFormatterDemoUITests;
			productReference = D868C07E29CD45D20050D6B7 /* EOJCNFormatterDemoUITests.xctest */;
			productType = "com.apple.product-type.bundle.ui-testing";
		};
/* End PBXNativeTarget section */

/* Begin PBXProject section */
		D868C02C29CD44D90050D6B7 /* Project object */ = {
			isa = PBXProject;
			attributes = {
				BuildIndependentTargetsInParallel = 1;
				LastUpgradeCheck = 1420;
				TargetAttributes = {
					D868C03429CD44D90050D6B7 = {
						CreatedOnToolsVersion = 14.2;
					};
					D868C03C29CD44DA0050D6B7 = {
						CreatedOnToolsVersion = 14.2;
					};
					D868C05929CD45CF0050D6B7 = {
						CreatedOnToolsVersion = 14.2;
					};
					D868C07329CD45D20050D6B7 = {
						CreatedOnToolsVersion = 14.2;
						TestTargetID = D868C05929CD45CF0050D6B7;
					};
					D868C07D29CD45D20050D6B7 = {
						CreatedOnToolsVersion = 14.2;
						TestTargetID = D868C05929CD45CF0050D6B7;
					};
				};
			};
			buildConfigurationList = D868C02F29CD44D90050D6B7 /* Build configuration list for PBXProject "EOJCNFormatter" */;
			compatibilityVersion = "Xcode 14.0";
			developmentRegion = en;
			hasScannedForEncodings = 0;
			knownRegions = (
				en,
				Base,
			);
			mainGroup = D868C02B29CD44D90050D6B7;
			productRefGroup = D868C03629CD44D90050D6B7 /* Products */;
			projectDirPath = "";
			projectRoot = "";
			targets = (
				D868C03429CD44D90050D6B7 /* EOJCNFormatter */,
				D868C03C29CD44DA0050D6B7 /* EOJCNFormatterTests */,
				D868C05929CD45CF0050D6B7 /* EOJCNFormatterDemo */,
				D868C07329CD45D20050D6B7 /* EOJCNFormatterDemoTests */,
				D868C07D29CD45D20050D6B7 /* EOJCNFormatterDemoUITests */,
			);
		};
/* End PBXProject section */

/* Begin PBXResourcesBuildPhase section */
		D868C03329CD44D90050D6B7 /* Resources */ = {
			isa = PBXResourcesBuildPhase;
			buildActionMask = 2147483647;
			files = (
			);
			runOnlyForDeploymentPostprocessing = 0;
		};
		D868C03B29CD44DA0050D6B7 /* Resources */ = {
			isa = PBXResourcesBuildPhase;
			buildActionMask = 2147483647;
			files = (
			);
			runOnlyForDeploymentPostprocessing = 0;
		};
		D868C05829CD45CF0050D6B7 /* Resources */ = {
			isa = PBXResourcesBuildPhase;
			buildActionMask = 2147483647;
			files = (
				D868C06C29CD45D20050D6B7 /* LaunchScreen.storyboard in Resources */,
				D868C06929CD45D20050D6B7 /* Assets.xcassets in Resources */,
				D868C06729CD45CF0050D6B7 /* Main.storyboard in Resources */,
			);
			runOnlyForDeploymentPostprocessing = 0;
		};
		D868C07229CD45D20050D6B7 /* Resources */ = {
			isa = PBXResourcesBuildPhase;
			buildActionMask = 2147483647;
			files = (
			);
			runOnlyForDeploymentPostprocessing = 0;
		};
		D868C07C29CD45D20050D6B7 /* Resources */ = {
			isa = PBXResourcesBuildPhase;
			buildActionMask = 2147483647;
			files = (
			);
			runOnlyForDeploymentPostprocessing = 0;
		};
/* End PBXResourcesBuildPhase section */

/* Begin PBXSourcesBuildPhase section */
		D868C03129CD44D90050D6B7 /* Sources */ = {
			isa = PBXSourcesBuildPhase;
			buildActionMask = 2147483647;
			files = (
				D868C05329CD45360050D6B7 /* EOJNumberCNFormatter.m in Sources */,
			);
			runOnlyForDeploymentPostprocessing = 0;
		};
		D868C03929CD44DA0050D6B7 /* Sources */ = {
			isa = PBXSourcesBuildPhase;
			buildActionMask = 2147483647;
			files = (
				D868C04F29CD452C0050D6B7 /* EOJNumberCNFormatter_FinCNFormatStringTests.m in Sources */,
				D868C05029CD452C0050D6B7 /* EOJNumberCNFormatter_cnNumFormatStringTests.m in Sources */,
				D868C05429CD45360050D6B7 /* EOJNumberCNFormatter.m in Sources */,
			);
			runOnlyForDeploymentPostprocessing = 0;
		};
		D868C05629CD45CF0050D6B7 /* Sources */ = {
			isa = PBXSourcesBuildPhase;
			buildActionMask = 2147483647;
			files = (
				D868C06429CD45CF0050D6B7 /* ViewController.m in Sources */,
				D868C05E29CD45CF0050D6B7 /* AppDelegate.m in Sources */,
				D868C06F29CD45D20050D6B7 /* main.m in Sources */,
				D868C06129CD45CF0050D6B7 /* SceneDelegate.m in Sources */,
			);
			runOnlyForDeploymentPostprocessing = 0;
		};
		D868C07029CD45D20050D6B7 /* Sources */ = {
			isa = PBXSourcesBuildPhase;
			buildActionMask = 2147483647;
			files = (
				D868C07929CD45D20050D6B7 /* EOJCNFormatterDemoTests.m in Sources */,
			);
			runOnlyForDeploymentPostprocessing = 0;
		};
		D868C07A29CD45D20050D6B7 /* Sources */ = {
			isa = PBXSourcesBuildPhase;
			buildActionMask = 2147483647;
			files = (
				D868C08529CD45D20050D6B7 /* EOJCNFormatterDemoUITestsLaunchTests.m in Sources */,
				D868C08329CD45D20050D6B7 /* EOJCNFormatterDemoUITests.m in Sources */,
			);
			runOnlyForDeploymentPostprocessing = 0;
		};
/* End PBXSourcesBuildPhase section */

/* Begin PBXTargetDependency section */
		D868C04029CD44DA0050D6B7 /* PBXTargetDependency */ = {
			isa = PBXTargetDependency;
			target = D868C03429CD44D90050D6B7 /* EOJCNFormatter */;
			targetProxy = D868C03F29CD44DA0050D6B7 /* PBXContainerItemProxy */;
		};
		D868C07629CD45D20050D6B7 /* PBXTargetDependency */ = {
			isa = PBXTargetDependency;
			target = D868C05929CD45CF0050D6B7 /* EOJCNFormatterDemo */;
			targetProxy = D868C07529CD45D20050D6B7 /* PBXContainerItemProxy */;
		};
		D868C08029CD45D20050D6B7 /* PBXTargetDependency */ = {
			isa = PBXTargetDependency;
			target = D868C05929CD45CF0050D6B7 /* EOJCNFormatterDemo */;
			targetProxy = D868C07F29CD45D20050D6B7 /* PBXContainerItemProxy */;
		};
		D868C09329CD46650050D6B7 /* PBXTargetDependency */ = {
			isa = PBXTargetDependency;
			target = D868C03429CD44D90050D6B7 /* EOJCNFormatter */;
			targetProxy = D868C09229CD46650050D6B7 /* PBXContainerItemProxy */;
		};
/* End PBXTargetDependency section */

/* Begin PBXVariantGroup section */
		D868C06529CD45CF0050D6B7 /* Main.storyboard */ = {
			isa = PBXVariantGroup;
			children = (
				D868C06629CD45CF0050D6B7 /* Base */,
			);
			name = Main.storyboard;
			sourceTree = "<group>";
		};
		D868C06A29CD45D20050D6B7 /* LaunchScreen.storyboard */ = {
			isa = PBXVariantGroup;
			children = (
				D868C06B29CD45D20050D6B7 /* Base */,
			);
			name = LaunchScreen.storyboard;
			sourceTree = "<group>";
		};
/* End PBXVariantGroup section */

/* Begin XCBuildConfiguration section */
		D868C04529CD44DA0050D6B7 /* Debug */ = {
			isa = XCBuildConfiguration;
			buildSettings = {
				ALWAYS_SEARCH_USER_PATHS = NO;
				CLANG_ANALYZER_NONNULL = YES;
				CLANG_ANALYZER_NUMBER_OBJECT_CONVERSION = YES_AGGRESSIVE;
				CLANG_CXX_LANGUAGE_STANDARD = "gnu++20";
				CLANG_ENABLE_MODULES = YES;
				CLANG_ENABLE_OBJC_ARC = YES;
				CLANG_ENABLE_OBJC_WEAK = YES;
				CLANG_WARN_BLOCK_CAPTURE_AUTORELEASING = YES;
				CLANG_WARN_BOOL_CONVERSION = YES;
				CLANG_WARN_COMMA = YES;
				CLANG_WARN_CONSTANT_CONVERSION = YES;
				CLANG_WARN_DEPRECATED_OBJC_IMPLEMENTATIONS = YES;
				CLANG_WARN_DIRECT_OBJC_ISA_USAGE = YES_ERROR;
				CLANG_WARN_DOCUMENTATION_COMMENTS = YES;
				CLANG_WARN_EMPTY_BODY = YES;
				CLANG_WARN_ENUM_CONVERSION = YES;
				CLANG_WARN_INFINITE_RECURSION = YES;
				CLANG_WARN_INT_CONVERSION = YES;
				CLANG_WARN_NON_LITERAL_NULL_CONVERSION = YES;
				CLANG_WARN_OBJC_IMPLICIT_RETAIN_SELF = YES;
				CLANG_WARN_OBJC_LITERAL_CONVERSION = YES;
				CLANG_WARN_OBJC_ROOT_CLASS = YES_ERROR;
				CLANG_WARN_QUOTED_INCLUDE_IN_FRAMEWORK_HEADER = YES;
				CLANG_WARN_RANGE_LOOP_ANALYSIS = YES;
				CLANG_WARN_STRICT_PROTOTYPES = YES;
				CLANG_WARN_SUSPICIOUS_MOVE = YES;
				CLANG_WARN_UNGUARDED_AVAILABILITY = YES_AGGRESSIVE;
				CLANG_WARN_UNREACHABLE_CODE = YES;
				CLANG_WARN__DUPLICATE_METHOD_MATCH = YES;
				COPY_PHASE_STRIP = NO;
				CURRENT_PROJECT_VERSION = 1;
				DEBUG_INFORMATION_FORMAT = dwarf;
				ENABLE_STRICT_OBJC_MSGSEND = YES;
				ENABLE_TESTABILITY = YES;
				GCC_C_LANGUAGE_STANDARD = gnu11;
				GCC_DYNAMIC_NO_PIC = NO;
				GCC_NO_COMMON_BLOCKS = YES;
				GCC_OPTIMIZATION_LEVEL = 0;
				GCC_PREPROCESSOR_DEFINITIONS = (
					"DEBUG=1",
					"$(inherited)",
				);
				GCC_WARN_64_TO_32_BIT_CONVERSION = YES;
				GCC_WARN_ABOUT_RETURN_TYPE = YES_ERROR;
				GCC_WARN_UNDECLARED_SELECTOR = YES;
				GCC_WARN_UNINITIALIZED_AUTOS = YES_AGGRESSIVE;
				GCC_WARN_UNUSED_FUNCTION = YES;
				GCC_WARN_UNUSED_VARIABLE = YES;
				IPHONEOS_DEPLOYMENT_TARGET = 16.2;
				MTL_ENABLE_DEBUG_INFO = INCLUDE_SOURCE;
				MTL_FAST_MATH = YES;
				ONLY_ACTIVE_ARCH = YES;
				SDKROOT = iphoneos;
				VERSIONING_SYSTEM = "apple-generic";
				VERSION_INFO_PREFIX = "";
			};
			name = Debug;
		};
		D868C04629CD44DA0050D6B7 /* Release */ = {
			isa = XCBuildConfiguration;
			buildSettings = {
				ALWAYS_SEARCH_USER_PATHS = NO;
				CLANG_ANALYZER_NONNULL = YES;
				CLANG_ANALYZER_NUMBER_OBJECT_CONVERSION = YES_AGGRESSIVE;
				CLANG_CXX_LANGUAGE_STANDARD = "gnu++20";
				CLANG_ENABLE_MODULES = YES;
				CLANG_ENABLE_OBJC_ARC = YES;
				CLANG_ENABLE_OBJC_WEAK = YES;
				CLANG_WARN_BLOCK_CAPTURE_AUTORELEASING = YES;
				CLANG_WARN_BOOL_CONVERSION = YES;
				CLANG_WARN_COMMA = YES;
				CLANG_WARN_CONSTANT_CONVERSION = YES;
				CLANG_WARN_DEPRECATED_OBJC_IMPLEMENTATIONS = YES;
				CLANG_WARN_DIRECT_OBJC_ISA_USAGE = YES_ERROR;
				CLANG_WARN_DOCUMENTATION_COMMENTS = YES;
				CLANG_WARN_EMPTY_BODY = YES;
				CLANG_WARN_ENUM_CONVERSION = YES;
				CLANG_WARN_INFINITE_RECURSION = YES;
				CLANG_WARN_INT_CONVERSION = YES;
				CLANG_WARN_NON_LITERAL_NULL_CONVERSION = YES;
				CLANG_WARN_OBJC_IMPLICIT_RETAIN_SELF = YES;
				CLANG_WARN_OBJC_LITERAL_CONVERSION = YES;
				CLANG_WARN_OBJC_ROOT_CLASS = YES_ERROR;
				CLANG_WARN_QUOTED_INCLUDE_IN_FRAMEWORK_HEADER = YES;
				CLANG_WARN_RANGE_LOOP_ANALYSIS = YES;
				CLANG_WARN_STRICT_PROTOTYPES = YES;
				CLANG_WARN_SUSPICIOUS_MOVE = YES;
				CLANG_WARN_UNGUARDED_AVAILABILITY = YES_AGGRESSIVE;
				CLANG_WARN_UNREACHABLE_CODE = YES;
				CLANG_WARN__DUPLICATE_METHOD_MATCH = YES;
				COPY_PHASE_STRIP = NO;
				CURRENT_PROJECT_VERSION = 1;
				DEBUG_INFORMATION_FORMAT = "dwarf-with-dsym";
				ENABLE_NS_ASSERTIONS = NO;
				ENABLE_STRICT_OBJC_MSGSEND = YES;
				GCC_C_LANGUAGE_STANDARD = gnu11;
				GCC_NO_COMMON_BLOCKS = YES;
				GCC_WARN_64_TO_32_BIT_CONVERSION = YES;
				GCC_WARN_ABOUT_RETURN_TYPE = YES_ERROR;
				GCC_WARN_UNDECLARED_SELECTOR = YES;
				GCC_WARN_UNINITIALIZED_AUTOS = YES_AGGRESSIVE;
				GCC_WARN_UNUSED_FUNCTION = YES;
				GCC_WARN_UNUSED_VARIABLE = YES;
				IPHONEOS_DEPLOYMENT_TARGET = 16.2;
				MTL_ENABLE_DEBUG_INFO = NO;
				MTL_FAST_MATH = YES;
				SDKROOT = iphoneos;
				VALIDATE_PRODUCT = YES;
				VERSIONING_SYSTEM = "apple-generic";
				VERSION_INFO_PREFIX = "";
			};
			name = Release;
		};
		D868C04829CD44DA0050D6B7 /* Debug */ = {
			isa = XCBuildConfiguration;
			buildSettings = {
				CODE_SIGN_STYLE = Automatic;
				CURRENT_PROJECT_VERSION = 1;
				DEFINES_MODULE = YES;
				DEVELOPMENT_TEAM = T3U76WTRC7;
				DYLIB_COMPATIBILITY_VERSION = 1;
				DYLIB_CURRENT_VERSION = 1;
				DYLIB_INSTALL_NAME_BASE = "@rpath";
				GENERATE_INFOPLIST_FILE = YES;
				INFOPLIST_KEY_NSHumanReadableCopyright = "";
				INSTALL_PATH = "$(LOCAL_LIBRARY_DIR)/Frameworks";
				LD_RUNPATH_SEARCH_PATHS = (
					"$(inherited)",
					"@executable_path/Frameworks",
					"@loader_path/Frameworks",
				);
				MARKETING_VERSION = 1.0;
				PRODUCT_BUNDLE_IDENTIFIER = com.joeshen.EOJCNFormatter;
				PRODUCT_NAME = "$(TARGET_NAME:c99extidentifier)";
				SKIP_INSTALL = YES;
				SWIFT_EMIT_LOC_STRINGS = YES;
				TARGETED_DEVICE_FAMILY = "1,2";
			};
			name = Debug;
		};
		D868C04929CD44DA0050D6B7 /* Release */ = {
			isa = XCBuildConfiguration;
			buildSettings = {
				CODE_SIGN_STYLE = Automatic;
				CURRENT_PROJECT_VERSION = 1;
				DEFINES_MODULE = YES;
				DEVELOPMENT_TEAM = T3U76WTRC7;
				DYLIB_COMPATIBILITY_VERSION = 1;
				DYLIB_CURRENT_VERSION = 1;
				DYLIB_INSTALL_NAME_BASE = "@rpath";
				GENERATE_INFOPLIST_FILE = YES;
				INFOPLIST_KEY_NSHumanReadableCopyright = "";
				INSTALL_PATH = "$(LOCAL_LIBRARY_DIR)/Frameworks";
				LD_RUNPATH_SEARCH_PATHS = (
					"$(inherited)",
					"@executable_path/Frameworks",
					"@loader_path/Frameworks",
				);
				MARKETING_VERSION = 1.0;
				PRODUCT_BUNDLE_IDENTIFIER = com.joeshen.EOJCNFormatter;
				PRODUCT_NAME = "$(TARGET_NAME:c99extidentifier)";
				SKIP_INSTALL = YES;
				SWIFT_EMIT_LOC_STRINGS = YES;
				TARGETED_DEVICE_FAMILY = "1,2";
			};
			name = Release;
		};
		D868C04B29CD44DA0050D6B7 /* Debug */ = {
			isa = XCBuildConfiguration;
			buildSettings = {
				CODE_SIGN_STYLE = Automatic;
				CURRENT_PROJECT_VERSION = 1;
				DEVELOPMENT_TEAM = T3U76WTRC7;
				GENERATE_INFOPLIST_FILE = YES;
				MARKETING_VERSION = 1.0;
				PRODUCT_BUNDLE_IDENTIFIER = com.joeshen.EOJCNFormatterTests;
				PRODUCT_NAME = "$(TARGET_NAME)";
				SWIFT_EMIT_LOC_STRINGS = NO;
				TARGETED_DEVICE_FAMILY = "1,2";
			};
			name = Debug;
		};
		D868C04C29CD44DA0050D6B7 /* Release */ = {
			isa = XCBuildConfiguration;
			buildSettings = {
				CODE_SIGN_STYLE = Automatic;
				CURRENT_PROJECT_VERSION = 1;
				DEVELOPMENT_TEAM = T3U76WTRC7;
				GENERATE_INFOPLIST_FILE = YES;
				MARKETING_VERSION = 1.0;
				PRODUCT_BUNDLE_IDENTIFIER = com.joeshen.EOJCNFormatterTests;
				PRODUCT_NAME = "$(TARGET_NAME)";
				SWIFT_EMIT_LOC_STRINGS = NO;
				TARGETED_DEVICE_FAMILY = "1,2";
			};
			name = Release;
		};
		D868C08729CD45D20050D6B7 /* Debug */ = {
			isa = XCBuildConfiguration;
			buildSettings = {
				ASSETCATALOG_COMPILER_APPICON_NAME = AppIcon;
				ASSETCATALOG_COMPILER_GLOBAL_ACCENT_COLOR_NAME = AccentColor;
				CODE_SIGN_STYLE = Automatic;
				CURRENT_PROJECT_VERSION = 1;
				DEVELOPMENT_TEAM = T3U76WTRC7;
				GENERATE_INFOPLIST_FILE = YES;
				INFOPLIST_FILE = EOJCNFormatterDemo/Info.plist;
				INFOPLIST_KEY_UIApplicationSupportsIndirectInputEvents = YES;
				INFOPLIST_KEY_UILaunchStoryboardName = LaunchScreen;
				INFOPLIST_KEY_UIMainStoryboardFile = Main;
				INFOPLIST_KEY_UISupportedInterfaceOrientations_iPad = "UIInterfaceOrientationPortrait UIInterfaceOrientationPortraitUpsideDown UIInterfaceOrientationLandscapeLeft UIInterfaceOrientationLandscapeRight";
				INFOPLIST_KEY_UISupportedInterfaceOrientations_iPhone = "UIInterfaceOrientationPortrait UIInterfaceOrientationLandscapeLeft UIInterfaceOrientationLandscapeRight";
				LD_RUNPATH_SEARCH_PATHS = (
					"$(inherited)",
					"@executable_path/Frameworks",
				);
				MARKETING_VERSION = 1.0;
				PRODUCT_BUNDLE_IDENTIFIER = com.joeshen.EOJCNFormatterDemo;
				PRODUCT_NAME = "$(TARGET_NAME)";
				SWIFT_EMIT_LOC_STRINGS = YES;
				TARGETED_DEVICE_FAMILY = "1,2";
			};
			name = Debug;
		};
		D868C08829CD45D20050D6B7 /* Release */ = {
			isa = XCBuildConfiguration;
			buildSettings = {
				ASSETCATALOG_COMPILER_APPICON_NAME = AppIcon;
				ASSETCATALOG_COMPILER_GLOBAL_ACCENT_COLOR_NAME = AccentColor;
				CODE_SIGN_STYLE = Automatic;
				CURRENT_PROJECT_VERSION = 1;
				DEVELOPMENT_TEAM = T3U76WTRC7;
				GENERATE_INFOPLIST_FILE = YES;
				INFOPLIST_FILE = EOJCNFormatterDemo/Info.plist;
				INFOPLIST_KEY_UIApplicationSupportsIndirectInputEvents = YES;
				INFOPLIST_KEY_UILaunchStoryboardName = LaunchScreen;
				INFOPLIST_KEY_UIMainStoryboardFile = Main;
				INFOPLIST_KEY_UISupportedInterfaceOrientations_iPad = "UIInterfaceOrientationPortrait UIInterfaceOrientationPortraitUpsideDown UIInterfaceOrientationLandscapeLeft UIInterfaceOrientationLandscapeRight";
				INFOPLIST_KEY_UISupportedInterfaceOrientations_iPhone = "UIInterfaceOrientationPortrait UIInterfaceOrientationLandscapeLeft UIInterfaceOrientationLandscapeRight";
				LD_RUNPATH_SEARCH_PATHS = (
					"$(inherited)",
					"@executable_path/Frameworks",
				);
				MARKETING_VERSION = 1.0;
				PRODUCT_BUNDLE_IDENTIFIER = com.joeshen.EOJCNFormatterDemo;
				PRODUCT_NAME = "$(TARGET_NAME)";
				SWIFT_EMIT_LOC_STRINGS = YES;
				TARGETED_DEVICE_FAMILY = "1,2";
			};
			name = Release;
		};
		D868C08A29CD45D20050D6B7 /* Debug */ = {
			isa = XCBuildConfiguration;
			buildSettings = {
				BUNDLE_LOADER = "$(TEST_HOST)";
				CODE_SIGN_STYLE = Automatic;
				CURRENT_PROJECT_VERSION = 1;
				DEVELOPMENT_TEAM = T3U76WTRC7;
				GENERATE_INFOPLIST_FILE = YES;
				IPHONEOS_DEPLOYMENT_TARGET = 16.2;
				MARKETING_VERSION = 1.0;
				PRODUCT_BUNDLE_IDENTIFIER = com.joeshen.EOJCNFormatterDemoTests;
				PRODUCT_NAME = "$(TARGET_NAME)";
				SWIFT_EMIT_LOC_STRINGS = NO;
				TARGETED_DEVICE_FAMILY = "1,2";
				TEST_HOST = "$(BUILT_PRODUCTS_DIR)/EOJCNFormatterDemo.app/$(BUNDLE_EXECUTABLE_FOLDER_PATH)/EOJCNFormatterDemo";
			};
			name = Debug;
		};
		D868C08B29CD45D20050D6B7 /* Release */ = {
			isa = XCBuildConfiguration;
			buildSettings = {
				BUNDLE_LOADER = "$(TEST_HOST)";
				CODE_SIGN_STYLE = Automatic;
				CURRENT_PROJECT_VERSION = 1;
				DEVELOPMENT_TEAM = T3U76WTRC7;
				GENERATE_INFOPLIST_FILE = YES;
				IPHONEOS_DEPLOYMENT_TARGET = 16.2;
				MARKETING_VERSION = 1.0;
				PRODUCT_BUNDLE_IDENTIFIER = com.joeshen.EOJCNFormatterDemoTests;
				PRODUCT_NAME = "$(TARGET_NAME)";
				SWIFT_EMIT_LOC_STRINGS = NO;
				TARGETED_DEVICE_FAMILY = "1,2";
				TEST_HOST = "$(BUILT_PRODUCTS_DIR)/EOJCNFormatterDemo.app/$(BUNDLE_EXECUTABLE_FOLDER_PATH)/EOJCNFormatterDemo";
			};
			name = Release;
		};
		D868C08D29CD45D20050D6B7 /* Debug */ = {
			isa = XCBuildConfiguration;
			buildSettings = {
				CODE_SIGN_STYLE = Automatic;
				CURRENT_PROJECT_VERSION = 1;
				DEVELOPMENT_TEAM = T3U76WTRC7;
				GENERATE_INFOPLIST_FILE = YES;
				MARKETING_VERSION = 1.0;
				PRODUCT_BUNDLE_IDENTIFIER = com.joeshen.EOJCNFormatterDemoUITests;
				PRODUCT_NAME = "$(TARGET_NAME)";
				SWIFT_EMIT_LOC_STRINGS = NO;
				TARGETED_DEVICE_FAMILY = "1,2";
				TEST_TARGET_NAME = EOJCNFormatterDemo;
			};
			name = Debug;
		};
		D868C08E29CD45D20050D6B7 /* Release */ = {
			isa = XCBuildConfiguration;
			buildSettings = {
				CODE_SIGN_STYLE = Automatic;
				CURRENT_PROJECT_VERSION = 1;
				DEVELOPMENT_TEAM = T3U76WTRC7;
				GENERATE_INFOPLIST_FILE = YES;
				MARKETING_VERSION = 1.0;
				PRODUCT_BUNDLE_IDENTIFIER = com.joeshen.EOJCNFormatterDemoUITests;
				PRODUCT_NAME = "$(TARGET_NAME)";
				SWIFT_EMIT_LOC_STRINGS = NO;
				TARGETED_DEVICE_FAMILY = "1,2";
				TEST_TARGET_NAME = EOJCNFormatterDemo;
			};
			name = Release;
		};
/* End XCBuildConfiguration section */

/* Begin XCConfigurationList section */
		D868C02F29CD44D90050D6B7 /* Build configuration list for PBXProject "EOJCNFormatter" */ = {
			isa = XCConfigurationList;
			buildConfigurations = (
				D868C04529CD44DA0050D6B7 /* Debug */,
				D868C04629CD44DA0050D6B7 /* Release */,
			);
			defaultConfigurationIsVisible = 0;
			defaultConfigurationName = Release;
		};
		D868C04729CD44DA0050D6B7 /* Build configuration list for PBXNativeTarget "EOJCNFormatter" */ = {
			isa = XCConfigurationList;
			buildConfigurations = (
				D868C04829CD44DA0050D6B7 /* Debug */,
				D868C04929CD44DA0050D6B7 /* Release */,
			);
			defaultConfigurationIsVisible = 0;
			defaultConfigurationName = Release;
		};
		D868C04A29CD44DA0050D6B7 /* Build configuration list for PBXNativeTarget "EOJCNFormatterTests" */ = {
			isa = XCConfigurationList;
			buildConfigurations = (
				D868C04B29CD44DA0050D6B7 /* Debug */,
				D868C04C29CD44DA0050D6B7 /* Release */,
			);
			defaultConfigurationIsVisible = 0;
			defaultConfigurationName = Release;
		};
		D868C08629CD45D20050D6B7 /* Build configuration list for PBXNativeTarget "EOJCNFormatterDemo" */ = {
			isa = XCConfigurationList;
			buildConfigurations = (
				D868C08729CD45D20050D6B7 /* Debug */,
				D868C08829CD45D20050D6B7 /* Release */,
			);
			defaultConfigurationIsVisible = 0;
			defaultConfigurationName = Release;
		};
		D868C08929CD45D20050D6B7 /* Build configuration list for PBXNativeTarget "EOJCNFormatterDemoTests" */ = {
			isa = XCConfigurationList;
			buildConfigurations = (
				D868C08A29CD45D20050D6B7 /* Debug */,
				D868C08B29CD45D20050D6B7 /* Release */,
			);
			defaultConfigurationIsVisible = 0;
			defaultConfigurationName = Release;
		};
		D868C08C29CD45D20050D6B7 /* Build configuration list for PBXNativeTarget "EOJCNFormatterDemoUITests" */ = {
			isa = XCConfigurationList;
			buildConfigurations = (
				D868C08D29CD45D20050D6B7 /* Debug */,
				D868C08E29CD45D20050D6B7 /* Release */,
			);
			defaultConfigurationIsVisible = 0;
			defaultConfigurationName = Release;
		};
/* End XCConfigurationList section */
	};
	rootObject = D868C02C29CD44D90050D6B7 /* Project object */;
}
