// !$*UTF8*$!
{
	archiveVersion = 1;
	classes = {
	};
	objectVersion = 56;
	objects = {

/* Begin PBXBuildFile section */
		D868C03E29CD44DA0050D6B7 /* EOJCNFormatter.framework in Frameworks */ = {isa = PBXBuildFile; fileRef = D868C03529CD44D90050D6B7 /* EOJCNFormatter.framework */; };
		D868C04429CD44DA0050D6B7 /* EOJCNFormatter.h in Headers */ = {isa = PBXBuildFile; fileRef = D868C03829CD44D90050D6B7 /* EOJCNFormatter.h */; settings = {ATTRIBUTES = (Public, ); }; };
		D868C04F29CD452C0050D6B7 /* EOJNumberCNFormatter_FinCNFormatStringTests.m in Sources */ = {isa = PBXBuildFile; fileRef = D868C04D29CD452C0050D6B7 /* EOJNumberCNFormatter_FinCNFormatStringTests.m */; };
		D868C05029CD452C0050D6B7 /* EOJNumberCNFormatter_cnNumFormatStringTests.m in Sources */ = {isa = PBXBuildFile; fileRef = D868C04E29CD452C0050D6B7 /* EOJNumberCNFormatter_cnNumFormatStringTests.m */; };
		D868C05329CD45360050D6B7 /* EOJNumberCNFormatter.m in Sources */ = {isa = PBXBuildFile; fileRef = D868C05129CD45350050D6B7 /* EOJNumberCNFormatter.m */; };
		D868C05429CD45360050D6B7 /* EOJNumberCNFormatter.m in Sources */ = {isa = PBXBuildFile; fileRef = D868C05129CD45350050D6B7 /* EOJNumberCNFormatter.m */; };
		D868C05529CD45360050D6B7 /* EOJNumberCNFormatter.h in Headers */ = {isa = PBXBuildFile; fileRef = D868C05229CD45350050D6B7 /* EOJNumberCNFormatter.h */; settings = {ATTRIBUTES = (Public, ); }; };
/* End PBXBuildFile section */

/* Begin PBXContainerItemProxy section */
		D868C03F29CD44DA0050D6B7 /* PBXContainerItemProxy */ = {
			isa = PBXContainerItemProxy;
			containerPortal = D868C02C29CD44D90050D6B7 /* Project object */;
			proxyType = 1;
			remoteGlobalIDString = D868C03429CD44D90050D6B7;
			remoteInfo = EOJCNFormatter;
		};
/* End PBXContainerItemProxy section */

/* Begin PBXFileReference section */
		D868C03529CD44D90050D6B7 /* EOJCNFormatter.framework */ = {isa = PBXFileReference; explicitFileType = wrapper.framework; includeInIndex = 0; path = EOJCNFormatter.framework; sourceTree = BUILT_PRODUCTS_DIR; };
		D868C03829CD44D90050D6B7 /* EOJCNFormatter.h */ = {isa = PBXFileReference; lastKnownFileType = sourcecode.c.h; path = EOJCNFormatter.h; sourceTree = "<group>"; };
		D868C03D29CD44DA0050D6B7 /* EOJCNFormatterTests.xctest */ = {isa = PBXFileReference; explicitFileType = wrapper.cfbundle; includeInIndex = 0; path = EOJCNFormatterTests.xctest; sourceTree = BUILT_PRODUCTS_DIR; };
		D868C04D29CD452C0050D6B7 /* EOJNumberCNFormatter_FinCNFormatStringTests.m */ = {isa = PBXFileReference; fileEncoding = 4; lastKnownFileType = sourcecode.c.objc; path = EOJNumberCNFormatter_FinCNFormatStringTests.m; sourceTree = "<group>"; };
		D868C04E29CD452C0050D6B7 /* EOJNumberCNFormatter_cnNumFormatStringTests.m */ = {isa = PBXFileReference; fileEncoding = 4; lastKnownFileType = sourcecode.c.objc; path = EOJNumberCNFormatter_cnNumFormatStringTests.m; sourceTree = "<group>"; };
		D868C05129CD45350050D6B7 /* EOJNumberCNFormatter.m */ = {isa = PBXFileReference; fileEncoding = 4; lastKnownFileType = sourcecode.c.objc; path = EOJNumberCNFormatter.m; sourceTree = "<group>"; };
		D868C05229CD45350050D6B7 /* EOJNumberCNFormatter.h */ = {isa = PBXFileReference; fileEncoding = 4; lastKnownFileType = sourcecode.c.h; path = EOJNumberCNFormatter.h; sourceTree = "<group>"; };
/* End PBXFileReference section */

/* Begin PBXFrameworksBuildPhase section */
		D868C03229CD44D90050D6B7 /* Frameworks */ = {
			isa = PBXFrameworksBuildPhase;
			buildActionMask = 2147483647;
			files = (
			);
			runOnlyForDeploymentPostprocessing = 0;
		};
		D868C03A29CD44DA0050D6B7 /* Frameworks */ = {
			isa = PBXFrameworksBuildPhase;
			buildActionMask = 2147483647;
			files = (
				D868C03E29CD44DA0050D6B7 /* EOJCNFormatter.framework in Frameworks */,
			);
			runOnlyForDeploymentPostprocessing = 0;
		};
/* End PBXFrameworksBuildPhase section */

/* Begin PBXGroup section */
		D868C02B29CD44D90050D6B7 = {
			isa = PBXGroup;
			children = (
				D868C03729CD44D90050D6B7 /* EOJCNFormatter */,
				D868C04129CD44DA0050D6B7 /* EOJCNFormatterTests */,
				D868C03629CD44D90050D6B7 /* Products */,
				D868C08F29CD46650050D6B7 /* Frameworks */,
			);
			sourceTree = "<group>";
		};
		D868C03629CD44D90050D6B7 /* Products */ = {
			isa = PBXGroup;
			children = (
				D868C03529CD44D90050D6B7 /* EOJCNFormatter.framework */,
				D868C03D29CD44DA0050D6B7 /* EOJCNFormatterTests.xctest */,
			);
			name = Products;
			sourceTree = "<group>";
		};
		D868C03729CD44D90050D6B7 /* EOJCNFormatter */ = {
			isa = PBXGroup;
			children = (
				D868C03829CD44D90050D6B7 /* EOJCNFormatter.h */,
				D868C05229CD45350050D6B7 /* EOJNumberCNFormatter.h */,
				D868C05129CD45350050D6B7 /* EOJNumberCNFormatter.m */,
			);
			path = EOJCNFormatter;
			sourceTree = "<group>";
		};
		D868C04129CD44DA0050D6B7 /* EOJCNFormatterTests */ = {
			isa = PBXGroup;
			children = (
				D868C04E29CD452C0050D6B7 /* EOJNumberCNFormatter_cnNumFormatStringTests.m */,
				D868C04D29CD452C0050D6B7 /* EOJNumberCNFormatter_FinCNFormatStringTests.m */,
			);
			path = EOJCNFormatterTests;
			sourceTree = "<group>";
		};
		D868C08F29CD46650050D6B7 /* Frameworks */ = {
			isa = PBXGroup;
			children = (
			);
			name = Frameworks;
			sourceTree = "<group>";
		};
/* End PBXGroup section */

/* Begin PBXHeadersBuildPhase section */
		D868C03029CD44D90050D6B7 /* Headers */ = {
			isa = PBXHeadersBuildPhase;
			buildActionMask = 2147483647;
			files = (
				D868C05529CD45360050D6B7 /* EOJNumberCNFormatter.h in Headers */,
				D868C04429CD44DA0050D6B7 /* EOJCNFormatter.h in Headers */,
			);
			runOnlyForDeploymentPostprocessing = 0;
		};
/* End PBXHeadersBuildPhase section */

/* Begin PBXNativeTarget section */
		D868C03429CD44D90050D6B7 /* EOJCNFormatter */ = {
			isa = PBXNativeTarget;
			buildConfigurationList = D868C04729CD44DA0050D6B7 /* Build configuration list for PBXNativeTarget "EOJCNFormatter" */;
			buildPhases = (
				D868C03029CD44D90050D6B7 /* Headers */,
				D868C03129CD44D90050D6B7 /* Sources */,
				D868C03229CD44D90050D6B7 /* Frameworks */,
				D868C03329CD44D90050D6B7 /* Resources */,
			);
			buildRules = (
			);
			dependencies = (
			);
			name = EOJCNFormatter;
			productName = EOJCNFormatter;
			productReference = D868C03529CD44D90050D6B7 /* EOJCNFormatter.framework */;
			productType = "com.apple.product-type.framework";
		};
		D868C03C29CD44DA0050D6B7 /* EOJCNFormatterTests */ = {
			isa = PBXNativeTarget;
			buildConfigurationList = D868C04A29CD44DA0050D6B7 /* Build configuration list for PBXNativeTarget "EOJCNFormatterTests" */;
			buildPhases = (
				D868C03929CD44DA0050D6B7 /* Sources */,
				D868C03A29CD44DA0050D6B7 /* Frameworks */,
				D868C03B29CD44DA0050D6B7 /* Resources */,
			);
			buildRules = (
			);
			dependencies = (
				D868C04029CD44DA0050D6B7 /* PBXTargetDependency */,
			);
			name = EOJCNFormatterTests;
			productName = EOJCNFormatterTests;
			productReference = D868C03D29CD44DA0050D6B7 /* EOJCNFormatterTests.xctest */;
			productType = "com.apple.product-type.bundle.unit-test";
		};
/* End PBXNativeTarget section */

/* Begin PBXProject section */
		D868C02C29CD44D90050D6B7 /* Project object */ = {
			isa = PBXProject;
			attributes = {
				BuildIndependentTargetsInParallel = 1;
				LastUpgradeCheck = 1530;
				TargetAttributes = {
					D868C03429CD44D90050D6B7 = {
						CreatedOnToolsVersion = 14.2;
					};
					D868C03C29CD44DA0050D6B7 = {
						CreatedOnToolsVersion = 14.2;
					};
				};
			};
			buildConfigurationList = D868C02F29CD44D90050D6B7 /* Build configuration list for PBXProject "EOJCNFormatter" */;
			compatibilityVersion = "Xcode 14.0";
			developmentRegion = en;
			hasScannedForEncodings = 0;
			knownRegions = (
				en,
				Base,
			);
			mainGroup = D868C02B29CD44D90050D6B7;
			productRefGroup = D868C03629CD44D90050D6B7 /* Products */;
			projectDirPath = "";
			projectRoot = "";
			targets = (
				D868C03429CD44D90050D6B7 /* EOJCNFormatter */,
				D868C03C29CD44DA0050D6B7 /* EOJCNFormatterTests */,
			);
		};
/* End PBXProject section */

/* Begin PBXResourcesBuildPhase section */
		D868C03329CD44D90050D6B7 /* Resources */ = {
			isa = PBXResourcesBuildPhase;
			buildActionMask = 2147483647;
			files = (
			);
			runOnlyForDeploymentPostprocessing = 0;
		};
		D868C03B29CD44DA0050D6B7 /* Resources */ = {
			isa = PBXResourcesBuildPhase;
			buildActionMask = 2147483647;
			files = (
			);
			runOnlyForDeploymentPostprocessing = 0;
		};
/* End PBXResourcesBuildPhase section */

/* Begin PBXSourcesBuildPhase section */
		D868C03129CD44D90050D6B7 /* Sources */ = {
			isa = PBXSourcesBuildPhase;
			buildActionMask = 2147483647;
			files = (
				D868C05329CD45360050D6B7 /* EOJNumberCNFormatter.m in Sources */,
			);
			runOnlyForDeploymentPostprocessing = 0;
		};
		D868C03929CD44DA0050D6B7 /* Sources */ = {
			isa = PBXSourcesBuildPhase;
			buildActionMask = 2147483647;
			files = (
				D868C04F29CD452C0050D6B7 /* EOJNumberCNFormatter_FinCNFormatStringTests.m in Sources */,
				D868C05029CD452C0050D6B7 /* EOJNumberCNFormatter_cnNumFormatStringTests.m in Sources */,
				D868C05429CD45360050D6B7 /* EOJNumberCNFormatter.m in Sources */,
			);
			runOnlyForDeploymentPostprocessing = 0;
		};
/* End PBXSourcesBuildPhase section */

/* Begin PBXTargetDependency section */
		D868C04029CD44DA0050D6B7 /* PBXTargetDependency */ = {
			isa = PBXTargetDependency;
			target = D868C03429CD44D90050D6B7 /* EOJCNFormatter */;
			targetProxy = D868C03F29CD44DA0050D6B7 /* PBXContainerItemProxy */;
		};
/* End PBXTargetDependency section */

/* Begin XCBuildConfiguration section */
		D868C04529CD44DA0050D6B7 /* Debug */ = {
			isa = XCBuildConfiguration;
			buildSettings = {
				ALWAYS_SEARCH_USER_PATHS = NO;
				ASSETCATALOG_COMPILER_GENERATE_SWIFT_ASSET_SYMBOL_EXTENSIONS = YES;
				CLANG_ANALYZER_NONNULL = YES;
				CLANG_ANALYZER_NUMBER_OBJECT_CONVERSION = YES_AGGRESSIVE;
				CLANG_CXX_LANGUAGE_STANDARD = "gnu++20";
				CLANG_ENABLE_MODULES = YES;
				CLANG_ENABLE_OBJC_ARC = YES;
				CLANG_ENABLE_OBJC_WEAK = YES;
				CLANG_WARN_BLOCK_CAPTURE_AUTORELEASING = YES;
				CLANG_WARN_BOOL_CONVERSION = YES;
				CLANG_WARN_COMMA = YES;
				CLANG_WARN_CONSTANT_CONVERSION = YES;
				CLANG_WARN_DEPRECATED_OBJC_IMPLEMENTATIONS = YES;
				CLANG_WARN_DIRECT_OBJC_ISA_USAGE = YES_ERROR;
				CLANG_WARN_DOCUMENTATION_COMMENTS = YES;
				CLANG_WARN_EMPTY_BODY = YES;
				CLANG_WARN_ENUM_CONVERSION = YES;
				CLANG_WARN_INFINITE_RECURSION = YES;
				CLANG_WARN_INT_CONVERSION = YES;
				CLANG_WARN_NON_LITERAL_NULL_CONVERSION = YES;
				CLANG_WARN_OBJC_IMPLICIT_RETAIN_SELF = YES;
				CLANG_WARN_OBJC_LITERAL_CONVERSION = YES;
				CLANG_WARN_OBJC_ROOT_CLASS = YES_ERROR;
				CLANG_WARN_QUOTED_INCLUDE_IN_FRAMEWORK_HEADER = YES;
				CLANG_WARN_RANGE_LOOP_ANALYSIS = YES;
				CLANG_WARN_STRICT_PROTOTYPES = YES;
				CLANG_WARN_SUSPICIOUS_MOVE = YES;
				CLANG_WARN_UNGUARDED_AVAILABILITY = YES_AGGRESSIVE;
				CLANG_WARN_UNREACHABLE_CODE = YES;
				CLANG_WARN__DUPLICATE_METHOD_MATCH = YES;
				COPY_PHASE_STRIP = NO;
				CURRENT_PROJECT_VERSION = 1;
				DEBUG_INFORMATION_FORMAT = dwarf;
				ENABLE_STRICT_OBJC_MSGSEND = YES;
				ENABLE_TESTABILITY = YES;
				ENABLE_USER_SCRIPT_SANDBOXING = YES;
				GCC_C_LANGUAGE_STANDARD = gnu11;
				GCC_DYNAMIC_NO_PIC = NO;
				GCC_NO_COMMON_BLOCKS = YES;
				GCC_OPTIMIZATION_LEVEL = 0;
				GCC_PREPROCESSOR_DEFINITIONS = (
					"DEBUG=1",
					"$(inherited)",
				);
				GCC_WARN_64_TO_32_BIT_CONVERSION = YES;
				GCC_WARN_ABOUT_RETURN_TYPE = YES_ERROR;
				GCC_WARN_UNDECLARED_SELECTOR = YES;
				GCC_WARN_UNINITIALIZED_AUTOS = YES_AGGRESSIVE;
				GCC_WARN_UNUSED_FUNCTION = YES;
				GCC_WARN_UNUSED_VARIABLE = YES;
				IPHONEOS_DEPLOYMENT_TARGET = 17.0;
				MTL_ENABLE_DEBUG_INFO = INCLUDE_SOURCE;
				MTL_FAST_MATH = YES;
				ONLY_ACTIVE_ARCH = YES;
				SDKROOT = iphoneos;
				VERSIONING_SYSTEM = "apple-generic";
				VERSION_INFO_PREFIX = "";
			};
			name = Debug;
		};
		D868C04629CD44DA0050D6B7 /* Release */ = {
			isa = XCBuildConfiguration;
			buildSettings = {
				ALWAYS_SEARCH_USER_PATHS = NO;
				ASSETCATALOG_COMPILER_GENERATE_SWIFT_ASSET_SYMBOL_EXTENSIONS = YES;
				CLANG_ANALYZER_NONNULL = YES;
				CLANG_ANALYZER_NUMBER_OBJECT_CONVERSION = YES_AGGRESSIVE;
				CLANG_CXX_LANGUAGE_STANDARD = "gnu++20";
				CLANG_ENABLE_MODULES = YES;
				CLANG_ENABLE_OBJC_ARC = YES;
				CLANG_ENABLE_OBJC_WEAK = YES;
				CLANG_WARN_BLOCK_CAPTURE_AUTORELEASING = YES;
				CLANG_WARN_BOOL_CONVERSION = YES;
				CLANG_WARN_COMMA = YES;
				CLANG_WARN_CONSTANT_CONVERSION = YES;
				CLANG_WARN_DEPRECATED_OBJC_IMPLEMENTATIONS = YES;
				CLANG_WARN_DIRECT_OBJC_ISA_USAGE = YES_ERROR;
				CLANG_WARN_DOCUMENTATION_COMMENTS = YES;
				CLANG_WARN_EMPTY_BODY = YES;
				CLANG_WARN_ENUM_CONVERSION = YES;
				CLANG_WARN_INFINITE_RECURSION = YES;
				CLANG_WARN_INT_CONVERSION = YES;
				CLANG_WARN_NON_LITERAL_NULL_CONVERSION = YES;
				CLANG_WARN_OBJC_IMPLICIT_RETAIN_SELF = YES;
				CLANG_WARN_OBJC_LITERAL_CONVERSION = YES;
				CLANG_WARN_OBJC_ROOT_CLASS = YES_ERROR;
				CLANG_WARN_QUOTED_INCLUDE_IN_FRAMEWORK_HEADER = YES;
				CLANG_WARN_RANGE_LOOP_ANALYSIS = YES;
				CLANG_WARN_STRICT_PROTOTYPES = YES;
				CLANG_WARN_SUSPICIOUS_MOVE = YES;
				CLANG_WARN_UNGUARDED_AVAILABILITY = YES_AGGRESSIVE;
				CLANG_WARN_UNREACHABLE_CODE = YES;
				CLANG_WARN__DUPLICATE_METHOD_MATCH = YES;
				COPY_PHASE_STRIP = NO;
				CURRENT_PROJECT_VERSION = 1;
				DEBUG_INFORMATION_FORMAT = "dwarf-with-dsym";
				ENABLE_NS_ASSERTIONS = NO;
				ENABLE_STRICT_OBJC_MSGSEND = YES;
				ENABLE_USER_SCRIPT_SANDBOXING = YES;
				GCC_C_LANGUAGE_STANDARD = gnu11;
				GCC_NO_COMMON_BLOCKS = YES;
				GCC_WARN_64_TO_32_BIT_CONVERSION = YES;
				GCC_WARN_ABOUT_RETURN_TYPE = YES_ERROR;
				GCC_WARN_UNDECLARED_SELECTOR = YES;
				GCC_WARN_UNINITIALIZED_AUTOS = YES_AGGRESSIVE;
				GCC_WARN_UNUSED_FUNCTION = YES;
				GCC_WARN_UNUSED_VARIABLE = YES;
				IPHONEOS_DEPLOYMENT_TARGET = 17.0;
				MTL_ENABLE_DEBUG_INFO = NO;
				MTL_FAST_MATH = YES;
				SDKROOT = iphoneos;
				VALIDATE_PRODUCT = YES;
				VERSIONING_SYSTEM = "apple-generic";
				VERSION_INFO_PREFIX = "";
			};
			name = Release;
		};
		D868C04829CD44DA0050D6B7 /* Debug */ = {
			isa = XCBuildConfiguration;
			buildSettings = {
				CODE_SIGN_IDENTITY = "";
				CODE_SIGN_STYLE = Automatic;
				CURRENT_PROJECT_VERSION = 1;
				DEFINES_MODULE = YES;
				DEVELOPMENT_TEAM = T3U76WTRC7;
				DYLIB_COMPATIBILITY_VERSION = 1;
				DYLIB_CURRENT_VERSION = 1;
				DYLIB_INSTALL_NAME_BASE = "@rpath";
				ENABLE_MODULE_VERIFIER = YES;
				GENERATE_INFOPLIST_FILE = YES;
				INFOPLIST_KEY_NSHumanReadableCopyright = "";
				INSTALL_PATH = "$(LOCAL_LIBRARY_DIR)/Frameworks";
				IPHONEOS_DEPLOYMENT_TARGET = 17.0;
				LD_RUNPATH_SEARCH_PATHS = (
					"$(inherited)",
					"@executable_path/Frameworks",
					"@loader_path/Frameworks",
				);
				MARKETING_VERSION = 1.0;
				MODULE_VERIFIER_SUPPORTED_LANGUAGE_STANDARDS = "gnu11 gnu++20";
				PRODUCT_BUNDLE_IDENTIFIER = com.joeshen.EOJCNFormatter;
				PRODUCT_NAME = "$(TARGET_NAME:c99extidentifier)";
				SKIP_INSTALL = YES;
				SWIFT_EMIT_LOC_STRINGS = YES;
				TARGETED_DEVICE_FAMILY = "1,2";
			};
			name = Debug;
		};
		D868C04929CD44DA0050D6B7 /* Release */ = {
			isa = XCBuildConfiguration;
			buildSettings = {
				CODE_SIGN_IDENTITY = "";
				CODE_SIGN_STYLE = Automatic;
				CURRENT_PROJECT_VERSION = 1;
				DEFINES_MODULE = YES;
				DEVELOPMENT_TEAM = T3U76WTRC7;
				DYLIB_COMPATIBILITY_VERSION = 1;
				DYLIB_CURRENT_VERSION = 1;
				DYLIB_INSTALL_NAME_BASE = "@rpath";
				ENABLE_MODULE_VERIFIER = YES;
				GENERATE_INFOPLIST_FILE = YES;
				INFOPLIST_KEY_NSHumanReadableCopyright = "";
				INSTALL_PATH = "$(LOCAL_LIBRARY_DIR)/Frameworks";
				IPHONEOS_DEPLOYMENT_TARGET = 17.0;
				LD_RUNPATH_SEARCH_PATHS = (
					"$(inherited)",
					"@executable_path/Frameworks",
					"@loader_path/Frameworks",
				);
				MARKETING_VERSION = 1.0;
				MODULE_VERIFIER_SUPPORTED_LANGUAGE_STANDARDS = "gnu11 gnu++20";
				PRODUCT_BUNDLE_IDENTIFIER = com.joeshen.EOJCNFormatter;
				PRODUCT_NAME = "$(TARGET_NAME:c99extidentifier)";
				SKIP_INSTALL = YES;
				SWIFT_EMIT_LOC_STRINGS = YES;
				TARGETED_DEVICE_FAMILY = "1,2";
			};
			name = Release;
		};
		D868C04B29CD44DA0050D6B7 /* Debug */ = {
			isa = XCBuildConfiguration;
			buildSettings = {
				CODE_SIGN_STYLE = Automatic;
				CURRENT_PROJECT_VERSION = 1;
				DEVELOPMENT_TEAM = T3U76WTRC7;
				GENERATE_INFOPLIST_FILE = YES;
				MARKETING_VERSION = 1.0;
				PRODUCT_BUNDLE_IDENTIFIER = com.joeshen.EOJCNFormatterTests;
				PRODUCT_NAME = "$(TARGET_NAME)";
				SWIFT_EMIT_LOC_STRINGS = NO;
				TARGETED_DEVICE_FAMILY = "1,2";
			};
			name = Debug;
		};
		D868C04C29CD44DA0050D6B7 /* Release */ = {
			isa = XCBuildConfiguration;
			buildSettings = {
				CODE_SIGN_STYLE = Automatic;
				CURRENT_PROJECT_VERSION = 1;
				DEVELOPMENT_TEAM = T3U76WTRC7;
				GENERATE_INFOPLIST_FILE = YES;
				MARKETING_VERSION = 1.0;
				PRODUCT_BUNDLE_IDENTIFIER = com.joeshen.EOJCNFormatterTests;
				PRODUCT_NAME = "$(TARGET_NAME)";
				SWIFT_EMIT_LOC_STRINGS = NO;
				TARGETED_DEVICE_FAMILY = "1,2";
			};
			name = Release;
		};
/* End XCBuildConfiguration section */

/* Begin XCConfigurationList section */
		D868C02F29CD44D90050D6B7 /* Build configuration list for PBXProject "EOJCNFormatter" */ = {
			isa = XCConfigurationList;
			buildConfigurations = (
				D868C04529CD44DA0050D6B7 /* Debug */,
				D868C04629CD44DA0050D6B7 /* Release */,
			);
			defaultConfigurationIsVisible = 0;
			defaultConfigurationName = Release;
		};
		D868C04729CD44DA0050D6B7 /* Build configuration list for PBXNativeTarget "EOJCNFormatter" */ = {
			isa = XCConfigurationList;
			buildConfigurations = (
				D868C04829CD44DA0050D6B7 /* Debug */,
				D868C04929CD44DA0050D6B7 /* Release */,
			);
			defaultConfigurationIsVisible = 0;
			defaultConfigurationName = Release;
		};
		D868C04A29CD44DA0050D6B7 /* Build configuration list for PBXNativeTarget "EOJCNFormatterTests" */ = {
			isa = XCConfigurationList;
			buildConfigurations = (
				D868C04B29CD44DA0050D6B7 /* Debug */,
				D868C04C29CD44DA0050D6B7 /* Release */,
			);
			defaultConfigurationIsVisible = 0;
			defaultConfigurationName = Release;
		};
/* End XCConfigurationList section */
	};
	rootObject = D868C02C29CD44D90050D6B7 /* Project object */;
}
